# This file is autogenerated, do not edit; changes may be undone by the next 'dep ensure'.


[[projects]]
  branch = "master"
  name = "github.com/andals/golog"
  packages = ["."]
  revision = "2799bcb36d9b41f510f0ae5203a9a69bb8768587"

[[projects]]
  name = "github.com/garyburd/redigo"
  packages = ["internal","redis"]
  revision = "47dc60e71eed504e3ef8e77ee3c6fe720f3be57f"
  version = "v1.3.0"

[[projects]]
  name = "github.com/go-sql-driver/mysql"
  packages = ["."]
  revision = "a0583e0143b1624142adab07e0e97fe106d99561"
  version = "v1.3"

[[projects]]
  branch = "master"
  name = "github.com/golang/snappy"
  packages = ["."]
  revision = "553a641470496b2327abcac10b36396bd98e45c9"

[[projects]]
  branch = "master"
  name = "github.com/syndtr/goleveldb"
  packages = ["leveldb","leveldb/cache","leveldb/comparer","leveldb/errors","leveldb/filter","leveldb/iterator","leveldb/journal","leveldb/memdb","leveldb/opt","leveldb/storage","leveldb/table","leveldb/util"]
  revision = "34011bf325bce385408353a30b101fe5e923eb6e"

[solve-meta]
  analyzer-name = "dep"
  analyzer-version = 1
  inputs-digest = "464e12a972c32b72c5173f22840e81cc923d02125654a86f108f7fe505195d91"
  solver-name = "gps-cdcl"
  solver-version = 1
